
Microsoft Visual Studio Solution File, Format Version 12.00
# Visual Studio Version 17
VisualStudioVersion = 17.0.31903.59
MinimumVisualStudioVersion = 10.0.40219.1
Project("{FAE04EC0-301F-11D3-BF4B-00C04F79EFBC}") = "ApiGateway", "ApiGateway\ApiGateway.csproj", "{27C735D4-9E31-4B6A-AE62-CB447218A30D}"
EndProject
Project("{FAE04EC0-301F-11D3-BF4B-00C04F79EFBC}") = "FileAnalysisService", "FileAnalysisService\FileAnalysisService.csproj", "{E7FC22AD-01C3-4D2C-8BA3-7B4AC1268EFF}"
EndProject
Project("{FAE04EC0-301F-11D3-BF4B-00C04F79EFBC}") = "SharedModels", "SharedModels\SharedModels.csproj", "{DC0CF6EC-0FDF-4C8E-A7AB-35D7F2A6EA51}"
EndProject
Project("{FAE04EC0-301F-11D3-BF4B-00C04F79EFBC}") = "FileStoringService", "FileStoringService\FileStoringService.csproj", "{0A47900E-B759-4187-A1F6-7C8860CF0C0E}"
EndProject
Global
	GlobalSection(SolutionConfigurationPlatforms) = preSolution
		Debug|Any CPU = Debug|Any CPU
		Debug|x64 = Debug|x64
		Debug|x86 = Debug|x86
		Release|Any CPU = Release|Any CPU
		Release|x64 = Release|x64
		Release|x86 = Release|x86
	EndGlobalSection
	GlobalSection(ProjectConfigurationPlatforms) = postSolution
		{27C735D4-9E31-4B6A-AE62-CB447218A30D}.Debug|Any CPU.ActiveCfg = Debug|Any CPU
		{27C735D4-9E31-4B6A-AE62-CB447218A30D}.Debug|Any CPU.Build.0 = Debug|Any CPU
		{27C735D4-9E31-4B6A-AE62-CB447218A30D}.Debug|x64.ActiveCfg = Debug|Any CPU
		{27C735D4-9E31-4B6A-AE62-CB447218A30D}.Debug|x64.Build.0 = Debug|Any CPU
		{27C735D4-9E31-4B6A-AE62-CB447218A30D}.Debug|x86.ActiveCfg = Debug|Any CPU
		{27C735D4-9E31-4B6A-AE62-CB447218A30D}.Debug|x86.Build.0 = Debug|Any CPU
		{27C735D4-9E31-4B6A-AE62-CB447218A30D}.Release|Any CPU.ActiveCfg = Release|Any CPU
		{27C735D4-9E31-4B6A-AE62-CB447218A30D}.Release|Any CPU.Build.0 = Release|Any CPU
		{27C735D4-9E31-4B6A-AE62-CB447218A30D}.Release|x64.ActiveCfg = Release|Any CPU
		{27C735D4-9E31-4B6A-AE62-CB447218A30D}.Release|x64.Build.0 = Release|Any CPU
		{27C735D4-9E31-4B6A-AE62-CB447218A30D}.Release|x86.ActiveCfg = Release|Any CPU
		{27C735D4-9E31-4B6A-AE62-CB447218A30D}.Release|x86.Build.0 = Release|Any CPU
		{E7FC22AD-01C3-4D2C-8BA3-7B4AC1268EFF}.Debug|Any CPU.ActiveCfg = Debug|Any CPU
		{E7FC22AD-01C3-4D2C-8BA3-7B4AC1268EFF}.Debug|Any CPU.Build.0 = Debug|Any CPU
		{E7FC22AD-01C3-4D2C-8BA3-7B4AC1268EFF}.Debug|x64.ActiveCfg = Debug|Any CPU
		{E7FC22AD-01C3-4D2C-8BA3-7B4AC1268EFF}.Debug|x64.Build.0 = Debug|Any CPU
		{E7FC22AD-01C3-4D2C-8BA3-7B4AC1268EFF}.Debug|x86.ActiveCfg = Debug|Any CPU
		{E7FC22AD-01C3-4D2C-8BA3-7B4AC1268EFF}.Debug|x86.Build.0 = Debug|Any CPU
		{E7FC22AD-01C3-4D2C-8BA3-7B4AC1268EFF}.Release|Any CPU.ActiveCfg = Release|Any CPU
		{E7FC22AD-01C3-4D2C-8BA3-7B4AC1268EFF}.Release|Any CPU.Build.0 = Release|Any CPU
		{E7FC22AD-01C3-4D2C-8BA3-7B4AC1268EFF}.Release|x64.ActiveCfg = Release|Any CPU
		{E7FC22AD-01C3-4D2C-8BA3-7B4AC1268EFF}.Release|x64.Build.0 = Release|Any CPU
		{E7FC22AD-01C3-4D2C-8BA3-7B4AC1268EFF}.Release|x86.ActiveCfg = Release|Any CPU
		{E7FC22AD-01C3-4D2C-8BA3-7B4AC1268EFF}.Release|x86.Build.0 = Release|Any CPU
		{DC0CF6EC-0FDF-4C8E-A7AB-35D7F2A6EA51}.Debug|Any CPU.ActiveCfg = Debug|Any CPU
		{DC0CF6EC-0FDF-4C8E-A7AB-35D7F2A6EA51}.Debug|Any CPU.Build.0 = Debug|Any CPU
		{DC0CF6EC-0FDF-4C8E-A7AB-35D7F2A6EA51}.Debug|x64.ActiveCfg = Debug|Any CPU
		{DC0CF6EC-0FDF-4C8E-A7AB-35D7F2A6EA51}.Debug|x64.Build.0 = Debug|Any CPU
		{DC0CF6EC-0FDF-4C8E-A7AB-35D7F2A6EA51}.Debug|x86.ActiveCfg = Debug|Any CPU
		{DC0CF6EC-0FDF-4C8E-A7AB-35D7F2A6EA51}.Debug|x86.Build.0 = Debug|Any CPU
		{DC0CF6EC-0FDF-4C8E-A7AB-35D7F2A6EA51}.Release|Any CPU.ActiveCfg = Release|Any CPU
		{DC0CF6EC-0FDF-4C8E-A7AB-35D7F2A6EA51}.Release|Any CPU.Build.0 = Release|Any CPU
		{DC0CF6EC-0FDF-4C8E-A7AB-35D7F2A6EA51}.Release|x64.ActiveCfg = Release|Any CPU
		{DC0CF6EC-0FDF-4C8E-A7AB-35D7F2A6EA51}.Release|x64.Build.0 = Release|Any CPU
		{DC0CF6EC-0FDF-4C8E-A7AB-35D7F2A6EA51}.Release|x86.ActiveCfg = Release|Any CPU
		{DC0CF6EC-0FDF-4C8E-A7AB-35D7F2A6EA51}.Release|x86.Build.0 = Release|Any CPU
		{0A47900E-B759-4187-A1F6-7C8860CF0C0E}.Debug|Any CPU.ActiveCfg = Debug|Any CPU
		{0A47900E-B759-4187-A1F6-7C8860CF0C0E}.Debug|Any CPU.Build.0 = Debug|Any CPU
		{0A47900E-B759-4187-A1F6-7C8860CF0C0E}.Debug|x64.ActiveCfg = Debug|Any CPU
		{0A47900E-B759-4187-A1F6-7C8860CF0C0E}.Debug|x64.Build.0 = Debug|Any CPU
		{0A47900E-B759-4187-A1F6-7C8860CF0C0E}.Debug|x86.ActiveCfg = Debug|Any CPU
		{0A47900E-B759-4187-A1F6-7C8860CF0C0E}.Debug|x86.Build.0 = Debug|Any CPU
		{0A47900E-B759-4187-A1F6-7C8860CF0C0E}.Release|Any CPU.ActiveCfg = Release|Any CPU
		{0A47900E-B759-4187-A1F6-7C8860CF0C0E}.Release|Any CPU.Build.0 = Release|Any CPU
		{0A47900E-B759-4187-A1F6-7C8860CF0C0E}.Release|x64.ActiveCfg = Release|Any CPU
		{0A47900E-B759-4187-A1F6-7C8860CF0C0E}.Release|x64.Build.0 = Release|Any CPU
		{0A47900E-B759-4187-A1F6-7C8860CF0C0E}.Release|x86.ActiveCfg = Release|Any CPU
		{0A47900E-B759-4187-A1F6-7C8860CF0C0E}.Release|x86.Build.0 = Release|Any CPU
	EndGlobalSection
	GlobalSection(SolutionProperties) = preSolution
		HideSolutionNode = FALSE
	EndGlobalSection
EndGlobal
